
Microsoft Visual Studio Solution File, Format Version 12.00
# Visual Studio Version 17
VisualStudioVersion = 17.9.34714.143
MinimumVisualStudioVersion = 10.0.40219.1
Project("{FAE04EC0-301F-11D3-BF4B-00C04F79EFBC}") = "0513", "0513.csproj", "{71B8DC17-8285-476E-B071-D9BE5FD1B087}"
EndProject
Global
	GlobalSection(SolutionConfigurationPlatforms) = preSolution
		Debug|Any CPU = Debug|Any CPU
		Release|Any CPU = Release|Any CPU
	EndGlobalSection
	GlobalSection(ProjectConfigurationPlatforms) = postSolution
		{71B8DC17-8285-476E-B071-D9BE5FD1B087}.Debug|Any CPU.ActiveCfg = Debug|Any CPU
		{71B8DC17-8285-476E-B071-D9BE5FD1B087}.Debug|Any CPU.Build.0 = Debug|Any CPU
		{71B8DC17-8285-476E-B071-D9BE5FD1B087}.Release|Any CPU.ActiveCfg = Release|Any CPU
		{71B8DC17-8285-476E-B071-D9BE5FD1B087}.Release|Any CPU.Build.0 = Release|Any CPU
	EndGlobalSection
	GlobalSection(SolutionProperties) = preSolution
		HideSolutionNode = FALSE
	EndGlobalSection
	GlobalSection(ExtensibilityGlobals) = postSolution
		SolutionGuid = {771CB8BA-B0EE-4931-8B52-D56A134688DC}
	EndGlobalSection
EndGlobal
